{
  "name": "playwright-poc",
  "version": "1.0.0",
  "lockfileVersion": 2,
  "requires": true,
  "packages": {
    "": {
      "name": "ibg-playwright-poc",
      "version": "1.0.0",
      "license": "ISC",
      "dependencies": {
        "debug": "^4.3.4",
        "dotenv": "^16.3.1",
        "env-cmd": "^10.1.0"
      },
      "devDependencies": {
        "@faker-js/faker": "^8.3.1",
        "@playwright/test": "^1.39.0",
        "@types/debug": "^4.1.12",
        "@types/node": "^20.8.4",
        "@walmartlabs/testburst-playwright-js-reporter": "1.0.0",
        "allure-playwright": "^2.8.1",
        "force": "^0.0.3"
      }
    }
  }
}
